lockfileVersion: 5.3

specifiers:
  '@types/react': ^17.0.38
  '@vanilla-extract/css': ^1.6.8
  '@vanilla-extract/esbuild-plugin': ^2.0.2
  autoprefixer: ^10.4.2
  clsx: ^1.1.1
  esbuild: ^0.14.14
  postcss: ^8.4.5
  react: ^17.0.2

dependencies:
  clsx: 1.1.1

devDependencies:
  '@types/react': 17.0.38
  '@vanilla-extract/css': 1.6.8
  '@vanilla-extract/esbuild-plugin': 2.0.2
  autoprefixer: 10.4.2_postcss@8.4.5
  esbuild: 0.14.14
  postcss: 8.4.5
  react: 17.0.2

packages:

  /@emotion/hash/0.8.0:
    resolution: {integrity: sha512-kBJtf7PH6aWwZ6fka3zQ0p6SBYzx4fl1LoZXE2RrnYST9Xljm7WfKJrU4g/Xr3Beg72MLrp1AWNUmuYJTL7Cow==}
    dev: true

  /@types/prop-types/15.7.4:
    resolution: {integrity: sha512-rZ5drC/jWjrArrS8BR6SIr4cWpW09RNTYt9AMZo3Jwwif+iacXAqgVjm0B0Bv/S1jhDXKHqRVNCbACkJ89RAnQ==}
    dev: true

  /@types/react/17.0.38:
    resolution: {integrity: sha512-SI92X1IA+FMnP3qM5m4QReluXzhcmovhZnLNm3pyeQlooi02qI7sLiepEYqT678uNiyc25XfCqxREFpy3W7YhQ==}
    dependencies:
      '@types/prop-types': 15.7.4
      '@types/scheduler': 0.16.2
      csstype: 3.0.10
    dev: true

  /@types/scheduler/0.16.2:
    resolution: {integrity: sha512-hppQEBDmlwhFAXKJX2KnWLYu5yMfi91yazPb2l+lbJiwW+wdo1gNeRA+3RgNSO39WYX2euey41KEwnqesU2Jew==}
    dev: true

  /@vanilla-extract/css/1.6.8:
    resolution: {integrity: sha512-wkZay2jWe9a3Dt30j+WTJicK4+YV7i65lr+QnpkigVY9uU2KPzaiASEyUV8AouT2cZm7AOhteBBVKI8cYeWnVQ==}
    dependencies:
      '@emotion/hash': 0.8.0
      '@vanilla-extract/private': 1.0.3
      chalk: 4.1.2
      css-what: 5.1.0
      cssesc: 3.0.0
      csstype: 3.0.10
      deep-object-diff: 1.1.7
      deepmerge: 4.2.2
      escape-string-regexp: 4.0.0
      outdent: 0.8.0
    dev: true

  /@vanilla-extract/esbuild-plugin/2.0.2:
    resolution: {integrity: sha512-WQPySNQx5ups1pFuMyzGqkZvsshEzVRGFpWCgfNrdIFtWDIcmfkh4mVpocnkCkqNjAFE+TKyyKmtQhhQIs9VQA==}
    dependencies:
      '@vanilla-extract/integration': 2.0.1
    dev: true

  /@vanilla-extract/integration/2.0.1:
    resolution: {integrity: sha512-OT0WLxmfDengj63NJAnb3noJmy2Yg9W8FbvGjvGe7c8GMKKMuwRJdW1fV5MeL3tPvZwIeh3YQPsUwCD1mIWS+g==}
    dependencies:
      '@vanilla-extract/css': 1.6.8
      chalk: 4.1.2
      esbuild: 0.11.23
      eval: 0.1.6
      find-up: 5.0.0
      javascript-stringify: 2.1.0
      lodash: 4.17.21
      outdent: 0.8.0
    dev: true

  /@vanilla-extract/private/1.0.3:
    resolution: {integrity: sha512-17kVyLq3ePTKOkveHxXuIJZtGYs+cSoev7BlP+Lf4916qfDhk/HBjvlYDe8egrea7LNPHKwSZJK/bzZC+Q6AwQ==}
    dev: true

  /ansi-styles/4.3.0:
    resolution: {integrity: sha512-zbB9rCJAT1rbjiVDb2hqKFHNYLxgtk8NURxZ3IZwD3F6NtxbXZQCnnSi1Lkx+IDohdPlFp222wVALIheZJQSEg==}
    engines: {node: '>=8'}
    dependencies:
      color-convert: 2.0.1
    dev: true

  /autoprefixer/10.4.2_postcss@8.4.5:
    resolution: {integrity: sha512-9fOPpHKuDW1w/0EKfRmVnxTDt8166MAnLI3mgZ1JCnhNtYWxcJ6Ud5CO/AVOZi/AvFa8DY9RTy3h3+tFBlrrdQ==}
    engines: {node: ^10 || ^12 || >=14}
    hasBin: true
    peerDependencies:
      postcss: ^8.1.0
    dependencies:
      browserslist: 4.19.1
      caniuse-lite: 1.0.30001304
      fraction.js: 4.1.2
      normalize-range: 0.1.2
      picocolors: 1.0.0
      postcss: 8.4.5
      postcss-value-parser: 4.2.0
    dev: true

  /browserslist/4.19.1:
    resolution: {integrity: sha512-u2tbbG5PdKRTUoctO3NBD8FQ5HdPh1ZXPHzp1rwaa5jTc+RV9/+RlWiAIKmjRPQF+xbGM9Kklj5bZQFa2s/38A==}
    engines: {node: ^6 || ^7 || ^8 || ^9 || ^10 || ^11 || ^12 || >=13.7}
    hasBin: true
    dependencies:
      caniuse-lite: 1.0.30001304
      electron-to-chromium: 1.4.57
      escalade: 3.1.1
      node-releases: 2.0.1
      picocolors: 1.0.0
    dev: true

  /caniuse-lite/1.0.30001304:
    resolution: {integrity: sha512-bdsfZd6K6ap87AGqSHJP/s1V+U6Z5lyrcbBu3ovbCCf8cSYpwTtGrCBObMpJqwxfTbLW6YTIdbb1jEeTelcpYQ==}
    dev: true

  /chalk/4.1.2:
    resolution: {integrity: sha512-oKnbhFyRIXpUuez8iBMmyEa4nbj4IOQyuhc/wy9kY7/WVPcwIO9VA668Pu8RkO7+0G76SLROeyw9CpQ061i4mA==}
    engines: {node: '>=10'}
    dependencies:
      ansi-styles: 4.3.0
      supports-color: 7.2.0
    dev: true

  /clsx/1.1.1:
    resolution: {integrity: sha512-6/bPho624p3S2pMyvP5kKBPXnI3ufHLObBFCfgx+LkeR5lg2XYy2hqZqUf45ypD8COn2bhgGJSUE+l5dhNBieA==}
    engines: {node: '>=6'}
    dev: false

  /color-convert/2.0.1:
    resolution: {integrity: sha512-RRECPsj7iu/xb5oKYcsFHSppFNnsj/52OVTRKb4zP5onXwVF3zVmmToNcOfGC+CRDpfK/U584fMg38ZHCaElKQ==}
    engines: {node: '>=7.0.0'}
    dependencies:
      color-name: 1.1.4
    dev: true

  /color-name/1.1.4:
    resolution: {integrity: sha512-dOy+3AuW3a2wNbZHIuMZpTcgjGuLU/uBL/ubcZF9OXbDo8ff4O8yVp5Bf0efS8uEoYo5q4Fx7dY9OgQGXgAsQA==}
    dev: true

  /css-what/5.1.0:
    resolution: {integrity: sha512-arSMRWIIFY0hV8pIxZMEfmMI47Wj3R/aWpZDDxWYCPEiOMv6tfOrnpDtgxBYPEQD4V0Y/958+1TdC3iWTFcUPw==}
    engines: {node: '>= 6'}
    dev: true

  /cssesc/3.0.0:
    resolution: {integrity: sha512-/Tb/JcjK111nNScGob5MNtsntNM1aCNUDipB/TkwZFhyDrrE47SOx/18wF2bbjgc3ZzCSKW1T5nt5EbFoAz/Vg==}
    engines: {node: '>=4'}
    hasBin: true
    dev: true

  /csstype/3.0.10:
    resolution: {integrity: sha512-2u44ZG2OcNUO9HDp/Jl8C07x6pU/eTR3ncV91SiK3dhG9TWvRVsCoJw14Ckx5DgWkzGA3waZWO3d7pgqpUI/XA==}
    dev: true

  /deep-object-diff/1.1.7:
    resolution: {integrity: sha512-QkgBca0mL08P6HiOjoqvmm6xOAl2W6CT2+34Ljhg0OeFan8cwlcdq8jrLKsBBuUFAZLsN5b6y491KdKEoSo9lg==}
    dev: true

  /deepmerge/4.2.2:
    resolution: {integrity: sha512-FJ3UgI4gIl+PHZm53knsuSFpE+nESMr7M4v9QcgB7S63Kj/6WqMiFQJpBBYz1Pt+66bZpP3Q7Lye0Oo9MPKEdg==}
    engines: {node: '>=0.10.0'}
    dev: true

  /electron-to-chromium/1.4.57:
    resolution: {integrity: sha512-FNC+P5K1n6pF+M0zIK+gFCoXcJhhzDViL3DRIGy2Fv5PohuSES1JHR7T+GlwxSxlzx4yYbsuzCZvHxcBSRCIOw==}
    dev: true

  /esbuild-android-arm64/0.14.14:
    resolution: {integrity: sha512-be/Uw6DdpQiPfula1J4bdmA+wtZ6T3BRCZsDMFB5X+k0Gp8TIh9UvmAcqvKNnbRAafSaXG3jPCeXxDKqnc8hFQ==}
    cpu: [arm64]
    os: [android]
    requiresBuild: true
    dev: true
    optional: true

  /esbuild-darwin-64/0.14.14:
    resolution: {integrity: sha512-BEexYmjWafcISK8cT6O98E3TfcLuZL8DKuubry6G54n2+bD4GkoRD6HYUOnCkfl2p7jodA+s4369IjSFSWjtHg==}
    cpu: [x64]
    os: [darwin]
    requiresBuild: true
    dev: true
    optional: true

  /esbuild-darwin-arm64/0.14.14:
    resolution: {integrity: sha512-tnBKm41pDOB1GtZ8q/w26gZlLLRzVmP8fdsduYjvM+yFD7E2DLG4KbPAqFMWm4Md9B+DitBglP57FY7AznxbTg==}
    cpu: [arm64]
    os: [darwin]
    requiresBuild: true
    dev: true
    optional: true

  /esbuild-freebsd-64/0.14.14:
    resolution: {integrity: sha512-Q9Rx6sgArOHalQtNwAaIzJ6dnQ8A+I7f/RsQsdkS3JrdzmnlFo8JEVofTmwVQLoIop7OKUqIVOGP4PoQcwfVMA==}
    cpu: [x64]
    os: [freebsd]
    requiresBuild: true
    dev: true
    optional: true

  /esbuild-freebsd-arm64/0.14.14:
    resolution: {integrity: sha512-TJvq0OpLM7BkTczlyPIphcvnwrQwQDG1HqxzoYePWn26SMUAlt6wrLnEvxdbXAvNvDLVzG83kA+JimjK7aRNBA==}
    cpu: [arm64]
    os: [freebsd]
    requiresBuild: true
    dev: true
    optional: true

  /esbuild-linux-32/0.14.14:
    resolution: {integrity: sha512-h/CrK9Baimt5VRbu8gqibWV7e1P9l+mkanQgyOgv0Ng3jHT1NVFC9e6rb1zbDdaJVmuhWX5xVliUA5bDDCcJeg==}
    cpu: [ia32]
    os: [linux]
    requiresBuild: true
    dev: true
    optional: true

  /esbuild-linux-64/0.14.14:
    resolution: {integrity: sha512-IC+wAiIg/egp5OhQp4W44D9PcBOH1b621iRn1OXmlLzij9a/6BGr9NMIL4CRwz4j2kp3WNZu5sT473tYdynOuQ==}
    cpu: [x64]
    os: [linux]
    requiresBuild: true
    dev: true
    optional: true

  /esbuild-linux-arm/0.14.14:
    resolution: {integrity: sha512-gxpOaHOPwp7zSmcKYsHrtxabScMqaTzfSQioAMUaB047YiMuDBzqVcKBG8OuESrYkGrL9DDljXr/mQNg7pbdaQ==}
    cpu: [arm]
    os: [linux]
    requiresBuild: true
    dev: true
    optional: true

  /esbuild-linux-arm64/0.14.14:
    resolution: {integrity: sha512-6QVul3RI4M5/VxVIRF/I5F+7BaxzR3DfNGoqEVSCZqUbgzHExPn+LXr5ly1C7af2Kw4AHpo+wDqx8A4ziP9avw==}
    cpu: [arm64]
    os: [linux]
    requiresBuild: true
    dev: true
    optional: true

  /esbuild-linux-mips64le/0.14.14:
    resolution: {integrity: sha512-4Jl5/+xoINKbA4cesH3f4R+q0vltAztZ6Jm8YycS8lNhN1pgZJBDxWfI6HUMIAdkKlIpR1PIkA9aXQgZ8sxFAg==}
    cpu: [mips64el]
    os: [linux]
    requiresBuild: true
    dev: true
    optional: true

  /esbuild-linux-ppc64le/0.14.14:
    resolution: {integrity: sha512-BitW37GxeebKxqYNl4SVuSdnIJAzH830Lr6Mkq3pBHXtzQay0vK+IeOR/Ele1GtNVJ+/f8wYM53tcThkv5SC5w==}
    cpu: [ppc64]
    os: [linux]
    requiresBuild: true
    dev: true
    optional: true

  /esbuild-linux-s390x/0.14.14:
    resolution: {integrity: sha512-vLj6p76HOZG3wfuTr5MyO3qW5iu8YdhUNxuY+tx846rPo7GcKtYSPMusQjeVEfZlJpSYoR+yrNBBxq+qVF9zrw==}
    cpu: [s390x]
    os: [linux]
    requiresBuild: true
    dev: true
    optional: true

  /esbuild-netbsd-64/0.14.14:
    resolution: {integrity: sha512-fn8looXPQhpVqUyCBWUuPjesH+yGIyfbIQrLKG05rr1Kgm3rZD/gaYrd3Wpmf5syVZx70pKZPvdHp8OTA+y7cQ==}
    cpu: [x64]
    os: [netbsd]
    requiresBuild: true
    dev: true
    optional: true

  /esbuild-openbsd-64/0.14.14:
    resolution: {integrity: sha512-HdAnJ399pPff3SKbd8g+P4o5znseni5u5n5rJ6Z7ouqOdgbOwHe2ofZbMow17WMdNtz1IyOZk2Wo9Ve6/lZ4Rg==}
    cpu: [x64]
    os: [openbsd]
    requiresBuild: true
    dev: true
    optional: true

  /esbuild-sunos-64/0.14.14:
    resolution: {integrity: sha512-bmDHa99ulsGnYlh/xjBEfxoGuC8CEG5OWvlgD+pF7bKKiVTbtxqVCvOGEZeoDXB+ja6AvHIbPxrEE32J+m5nqQ==}
    cpu: [x64]
    os: [sunos]
    requiresBuild: true
    dev: true
    optional: true

  /esbuild-windows-32/0.14.14:
    resolution: {integrity: sha512-6tVooQcxJCNenPp5GHZBs/RLu31q4B+BuF4MEoRxswT+Eq2JGF0ZWDRQwNKB8QVIo3t6Svc5wNGez+CwKNQjBg==}
    cpu: [ia32]
    os: [win32]
    requiresBuild: true
    dev: true
    optional: true

  /esbuild-windows-64/0.14.14:
    resolution: {integrity: sha512-kl3BdPXh0/RD/dad41dtzj2itMUR4C6nQbXQCyYHHo4zoUoeIXhpCrSl7BAW1nv5EFL8stT1V+TQVXGZca5A2A==}
    cpu: [x64]
    os: [win32]
    requiresBuild: true
    dev: true
    optional: true

  /esbuild-windows-arm64/0.14.14:
    resolution: {integrity: sha512-dCm1wTOm6HIisLanmybvRKvaXZZo4yEVrHh1dY0v582GThXJOzuXGja1HIQgV09RpSHYRL3m4KoUBL00l6SWEg==}
    cpu: [arm64]
    os: [win32]
    requiresBuild: true
    dev: true
    optional: true

  /esbuild/0.11.23:
    resolution: {integrity: sha512-iaiZZ9vUF5wJV8ob1tl+5aJTrwDczlvGP0JoMmnpC2B0ppiMCu8n8gmy5ZTGl5bcG081XBVn+U+jP+mPFm5T5Q==}
    hasBin: true
    requiresBuild: true
    dev: true

  /esbuild/0.14.14:
    resolution: {integrity: sha512-aiK4ddv+uui0k52OqSHu4xxu+SzOim7Rlz4i25pMEiC8rlnGU0HJ9r+ZMfdWL5bzifg+nhnn7x4NSWTeehYblg==}
    hasBin: true
    requiresBuild: true
    optionalDependencies:
      esbuild-android-arm64: 0.14.14
      esbuild-darwin-64: 0.14.14
      esbuild-darwin-arm64: 0.14.14
      esbuild-freebsd-64: 0.14.14
      esbuild-freebsd-arm64: 0.14.14
      esbuild-linux-32: 0.14.14
      esbuild-linux-64: 0.14.14
      esbuild-linux-arm: 0.14.14
      esbuild-linux-arm64: 0.14.14
      esbuild-linux-mips64le: 0.14.14
      esbuild-linux-ppc64le: 0.14.14
      esbuild-linux-s390x: 0.14.14
      esbuild-netbsd-64: 0.14.14
      esbuild-openbsd-64: 0.14.14
      esbuild-sunos-64: 0.14.14
      esbuild-windows-32: 0.14.14
      esbuild-windows-64: 0.14.14
      esbuild-windows-arm64: 0.14.14
    dev: true

  /escalade/3.1.1:
    resolution: {integrity: sha512-k0er2gUkLf8O0zKJiAhmkTnJlTvINGv7ygDNPbeIsX/TJjGJZHuh9B2UxbsaEkmlEo9MfhrSzmhIlhRlI2GXnw==}
    engines: {node: '>=6'}
    dev: true

  /escape-string-regexp/4.0.0:
    resolution: {integrity: sha512-TtpcNJ3XAzx3Gq8sWRzJaVajRs0uVxA2YAkdb1jm2YkPz4G6egUFAyA3n5vtEIZefPk5Wa4UXbKuS5fKkJWdgA==}
    engines: {node: '>=10'}
    dev: true

  /eval/0.1.6:
    resolution: {integrity: sha512-o0XUw+5OGkXw4pJZzQoXUk+H87DHuC+7ZE//oSrRGtatTmr12oTnLfg6QOq9DyTt0c/p4TwzgmkKrBzWTSizyQ==}
    engines: {node: '>= 0.8'}
    dependencies:
      require-like: 0.1.2
    dev: true

  /find-up/5.0.0:
    resolution: {integrity: sha512-78/PXT1wlLLDgTzDs7sjq9hzz0vXD+zn+7wypEe4fXQxCmdmqfGsEPQxmiCSQI3ajFV91bVSsvNtrJRiW6nGng==}
    engines: {node: '>=10'}
    dependencies:
      locate-path: 6.0.0
      path-exists: 4.0.0
    dev: true

  /fraction.js/4.1.2:
    resolution: {integrity: sha512-o2RiJQ6DZaR/5+Si0qJUIy637QMRudSi9kU/FFzx9EZazrIdnBgpU+3sEWCxAVhH2RtxW2Oz+T4p2o8uOPVcgA==}
    dev: true

  /has-flag/4.0.0:
    resolution: {integrity: sha512-EykJT/Q1KjTWctppgIAgfSO0tKVuZUjhgMr17kqTumMl6Afv3EISleU7qZUzoXDFTAHTDC4NOoG/ZxU3EvlMPQ==}
    engines: {node: '>=8'}
    dev: true

  /javascript-stringify/2.1.0:
    resolution: {integrity: sha512-JVAfqNPTvNq3sB/VHQJAFxN/sPgKnsKrCwyRt15zwNCdrMMJDdcEOdubuy+DuJYYdm0ox1J4uzEuYKkN+9yhVg==}
    dev: true

  /js-tokens/4.0.0:
    resolution: {integrity: sha512-RdJUflcE3cUzKiMqQgsCu06FPu9UdIJO0beYbPhHN4k6apgJtifcoCtT9bcxOpYBtpD2kCM6Sbzg4CausW/PKQ==}
    dev: true

  /locate-path/6.0.0:
    resolution: {integrity: sha512-iPZK6eYjbxRu3uB4/WZ3EsEIMJFMqAoopl3R+zuq0UjcAm/MO6KCweDgPfP3elTztoKP3KtnVHxTn2NHBSDVUw==}
    engines: {node: '>=10'}
    dependencies:
      p-locate: 5.0.0
    dev: true

  /lodash/4.17.21:
    resolution: {integrity: sha512-v2kDEe57lecTulaDIuNTPy3Ry4gLGJ6Z1O3vE1krgXZNrsQ+LFTGHVxVjcXPs17LhbZVGedAJv8XZ1tvj5FvSg==}
    dev: true

  /loose-envify/1.4.0:
    resolution: {integrity: sha512-lyuxPGr/Wfhrlem2CL/UcnUc1zcqKAImBDzukY7Y5F/yQiNdko6+fRLevlw1HgMySw7f611UIY408EtxRSoK3Q==}
    hasBin: true
    dependencies:
      js-tokens: 4.0.0
    dev: true

  /nanoid/3.2.0:
    resolution: {integrity: sha512-fmsZYa9lpn69Ad5eDn7FMcnnSR+8R34W9qJEijxYhTbfOWzr22n1QxCMzXLK+ODyW2973V3Fux959iQoUxzUIA==}
    engines: {node: ^10 || ^12 || ^13.7 || ^14 || >=15.0.1}
    hasBin: true
    dev: true

  /node-releases/2.0.1:
    resolution: {integrity: sha512-CqyzN6z7Q6aMeF/ktcMVTzhAHCEpf8SOarwpzpf8pNBY2k5/oM34UHldUwp8VKI7uxct2HxSRdJjBaZeESzcxA==}
    dev: true

  /normalize-range/0.1.2:
    resolution: {integrity: sha1-LRDAa9/TEuqXd2laTShDlFa3WUI=}
    engines: {node: '>=0.10.0'}
    dev: true

  /object-assign/4.1.1:
    resolution: {integrity: sha1-IQmtx5ZYh8/AXLvUQsrIv7s2CGM=}
    engines: {node: '>=0.10.0'}
    dev: true

  /outdent/0.8.0:
    resolution: {integrity: sha512-KiOAIsdpUTcAXuykya5fnVVT+/5uS0Q1mrkRHcF89tpieSmY33O/tmc54CqwA+bfhbtEfZUNLHaPUiB9X3jt1A==}
    dev: true

  /p-limit/3.1.0:
    resolution: {integrity: sha512-TYOanM3wGwNGsZN2cVTYPArw454xnXj5qmWF1bEoAc4+cU/ol7GVh7odevjp1FNHduHc3KZMcFduxU5Xc6uJRQ==}
    engines: {node: '>=10'}
    dependencies:
      yocto-queue: 0.1.0
    dev: true

  /p-locate/5.0.0:
    resolution: {integrity: sha512-LaNjtRWUBY++zB5nE/NwcaoMylSPk+S+ZHNB1TzdbMJMny6dynpAGt7X/tl/QYq3TIeE6nxHppbo2LGymrG5Pw==}
    engines: {node: '>=10'}
    dependencies:
      p-limit: 3.1.0
    dev: true

  /path-exists/4.0.0:
    resolution: {integrity: sha512-ak9Qy5Q7jYb2Wwcey5Fpvg2KoAc/ZIhLSLOSBmRmygPsGwkVVt0fZa0qrtMz+m6tJTAHfZQ8FnmB4MG4LWy7/w==}
    engines: {node: '>=8'}
    dev: true

  /picocolors/1.0.0:
    resolution: {integrity: sha512-1fygroTLlHu66zi26VoTDv8yRgm0Fccecssto+MhsZ0D/DGW2sm8E8AjW7NU5VVTRt5GxbeZ5qBuJr+HyLYkjQ==}
    dev: true

  /postcss-value-parser/4.2.0:
    resolution: {integrity: sha512-1NNCs6uurfkVbeXG4S8JFT9t19m45ICnif8zWLd5oPSZ50QnwMfK+H3jv408d4jw/7Bttv5axS5IiHoLaVNHeQ==}
    dev: true

  /postcss/8.4.5:
    resolution: {integrity: sha512-jBDboWM8qpaqwkMwItqTQTiFikhs/67OYVvblFFTM7MrZjt6yMKd6r2kgXizEbTTljacm4NldIlZnhbjr84QYg==}
    engines: {node: ^10 || ^12 || >=14}
    dependencies:
      nanoid: 3.2.0
      picocolors: 1.0.0
      source-map-js: 1.0.2
    dev: true

  /react/17.0.2:
    resolution: {integrity: sha512-gnhPt75i/dq/z3/6q/0asP78D0u592D5L1pd7M8P+dck6Fu/jJeL6iVVK23fptSUZj8Vjf++7wXA8UNclGQcbA==}
    engines: {node: '>=0.10.0'}
    dependencies:
      loose-envify: 1.4.0
      object-assign: 4.1.1
    dev: true

  /require-like/0.1.2:
    resolution: {integrity: sha1-rW8wwTvs15cBDEaK+ndcDAprR/o=}
    dev: true

  /source-map-js/1.0.2:
    resolution: {integrity: sha512-R0XvVJ9WusLiqTCEiGCmICCMplcCkIwwR11mOSD9CR5u+IXYdiseeEuXCVAjS54zqwkLcPNnmU4OeJ6tUrWhDw==}
    engines: {node: '>=0.10.0'}
    dev: true

  /supports-color/7.2.0:
    resolution: {integrity: sha512-qpCAvRl9stuOHveKsn7HncJRvv501qIacKzQlO/+Lwxc9+0q2wLyv4Dfvt80/DPn2pqOBsJdDiogXGR9+OvwRw==}
    engines: {node: '>=8'}
    dependencies:
      has-flag: 4.0.0
    dev: true

  /yocto-queue/0.1.0:
    resolution: {integrity: sha512-rVksvsnNCdJ/ohGc6xgPwyN8eheCxsiLM8mxuE/t/mOVqJewPuO1miLpTHQiRgTKCLexL4MeAFVagts7HmNZ2Q==}
    engines: {node: '>=10'}
    dev: true
